// !$*UTF8*$!
{
	archiveVersion = 1;
	classes = {
	};
	objectVersion = 46;
	objects = {

/* Begin PBXBuildFile section */
		D355A4F81CEDF6B40091EC95 /* AppDelegate.swift in Sources */ = {isa = PBXBuildFile; fileRef = D355A4F71CEDF6B40091EC95 /* AppDelegate.swift */; };
		D355A4FF1CEDF6B40091EC95 /* Assets.xcassets in Resources */ = {isa = PBXBuildFile; fileRef = D355A4FE1CEDF6B40091EC95 /* Assets.xcassets */; };
		D355A5021CEDF6B40091EC95 /* LaunchScreen.storyboard in Resources */ = {isa = PBXBuildFile; fileRef = D355A5001CEDF6B40091EC95 /* LaunchScreen.storyboard */; };
		D355A50A1CEDF6C60091EC95 /* Main.storyboard in Resources */ = {isa = PBXBuildFile; fileRef = D355A5091CEDF6C60091EC95 /* Main.storyboard */; };
		D355A50C1CEDF6EB0091EC95 /* ViewController.swift in Sources */ = {isa = PBXBuildFile; fileRef = D355A50B1CEDF6EB0091EC95 /* ViewController.swift */; };
/* End PBXBuildFile section */

/* Begin PBXFileReference section */
		D355A4F41CEDF6B40091EC95 /* BullsAndCows.app */ = {isa = PBXFileReference; explicitFileType = wrapper.application; includeInIndex = 0; path = BullsAndCows.app; sourceTree = BUILT_PRODUCTS_DIR; };
		D355A4F71CEDF6B40091EC95 /* AppDelegate.swift */ = {isa = PBXFileReference; lastKnownFileType = sourcecode.swift; path = AppDelegate.swift; sourceTree = "<group>"; };
		D355A4FE1CEDF6B40091EC95 /* Assets.xcassets */ = {isa = PBXFileReference; lastKnownFileType = folder.assetcatalog; path = Assets.xcassets; sourceTree = "<group>"; };
		D355A5011CEDF6B40091EC95 /* Base */ = {isa = PBXFileReference; lastKnownFileType = file.storyboard; name = Base; path = Base.lproj/LaunchScreen.storyboard; sourceTree = "<group>"; };
		D355A5031CEDF6B40091EC95 /* Info.plist */ = {isa = PBXFileReference; lastKnownFileType = text.plist.xml; path = Info.plist; sourceTree = "<group>"; };
		D355A5091CEDF6C60091EC95 /* Main.storyboard */ = {isa = PBXFileReference; fileEncoding = 4; lastKnownFileType = file.storyboard; path = Main.storyboard; sourceTree = "<group>"; };
		D355A50B1CEDF6EB0091EC95 /* ViewController.swift */ = {isa = PBXFileReference; fileEncoding = 4; lastKnownFileType = sourcecode.swift; path = ViewController.swift; sourceTree = "<group>"; };
/* End PBXFileReference section */

/* Begin PBXFrameworksBuildPhase section */
		D355A4F11CEDF6B40091EC95 /* Frameworks */ = {
			isa = PBXFrameworksBuildPhase;
			buildActionMask = 2147483647;
			files = (
			);
			runOnlyForDeploymentPostprocessing = 0;
		};
/* End PBXFrameworksBuildPhase section */

/* Begin PBXGroup section */
		D355A4EB1CEDF6B40091EC95 = {
			isa = PBXGroup;
			children = (
				D355A4F61CEDF6B40091EC95 /* BullsAndCows */,
				D355A4F51CEDF6B40091EC95 /* Products */,
			);
			sourceTree = "<group>";
		};
		D355A4F51CEDF6B40091EC95 /* Products */ = {
			isa = PBXGroup;
			children = (
				D355A4F41CEDF6B40091EC95 /* BullsAndCows.app */,
			);
			name = Products;
			sourceTree = "<group>";
		};
		D355A4F61CEDF6B40091EC95 /* BullsAndCows */ = {
			isa = PBXGroup;
			children = (
				D355A4F71CEDF6B40091EC95 /* AppDelegate.swift */,
				D355A5091CEDF6C60091EC95 /* Main.storyboard */,
				D355A4FE1CEDF6B40091EC95 /* Assets.xcassets */,
				D355A50B1CEDF6EB0091EC95 /* ViewController.swift */,
				D355A5001CEDF6B40091EC95 /* LaunchScreen.storyboard */,
				D355A5031CEDF6B40091EC95 /* Info.plist */,
			);
			path = BullsAndCows;
			sourceTree = "<group>";
		};
/* End PBXGroup section */

/* Begin PBXNativeTarget section */
		D355A4F31CEDF6B40091EC95 /* BullsAndCows */ = {
			isa = PBXNativeTarget;
			buildConfigurationList = D355A5061CEDF6B40091EC95 /* Build configuration list for PBXNativeTarget "BullsAndCows" */;
			buildPhases = (
				D355A4F01CEDF6B40091EC95 /* Sources */,
				D355A4F11CEDF6B40091EC95 /* Frameworks */,
				D355A4F21CEDF6B40091EC95 /* Resources */,
			);
			buildRules = (
			);
			dependencies = (
			);
			name = BullsAndCows;
			productName = BullsAndCows;
			productReference = D355A4F41CEDF6B40091EC95 /* BullsAndCows.app */;
			productType = "com.apple.product-type.application";
		};
/* End PBXNativeTarget section */

/* Begin PBXProject section */
		D355A4EC1CEDF6B40091EC95 /* Project object */ = {
			isa = PBXProject;
			attributes = {
				LastSwiftUpdateCheck = 0730;
				LastUpgradeCheck = 0730;
				ORGANIZATIONNAME = Brian;
				TargetAttributes = {
					D355A4F31CEDF6B40091EC95 = {
						CreatedOnToolsVersion = 7.3.1;
					};
				};
			};
			buildConfigurationList = D355A4EF1CEDF6B40091EC95 /* Build configuration list for PBXProject "BullsAndCows" */;
			compatibilityVersion = "Xcode 3.2";
			developmentRegion = English;
			hasScannedForEncodings = 0;
			knownRegions = (
				en,
				Base,
			);
			mainGroup = D355A4EB1CEDF6B40091EC95;
			productRefGroup = D355A4F51CEDF6B40091EC95 /* Products */;
			projectDirPath = "";
			projectRoot = "";
			targets = (
				D355A4F31CEDF6B40091EC95 /* BullsAndCows */,
			);
		};
/* End PBXProject section */

/* Begin PBXResourcesBuildPhase section */
		D355A4F21CEDF6B40091EC95 /* Resources */ = {
			isa = PBXResourcesBuildPhase;
			buildActionMask = 2147483647;
			files = (
				D355A5021CEDF6B40091EC95 /* LaunchScreen.storyboard in Resources */,
				D355A4FF1CEDF6B40091EC95 /* Assets.xcassets in Resources */,
				D355A50A1CEDF6C60091EC95 /* Main.storyboard in Resources */,
			);
			runOnlyForDeploymentPostprocessing = 0;
		};
/* End PBXResourcesBuildPhase section */

/* Begin PBXSourcesBuildPhase section */
		D355A4F01CEDF6B40091EC95 /* Sources */ = {
			isa = PBXSourcesBuildPhase;
			buildActionMask = 2147483647;
			files = (
				D355A50C1CEDF6EB0091EC95 /* ViewController.swift in Sources */,
				D355A4F81CEDF6B40091EC95 /* AppDelegate.swift in Sources */,
			);
			runOnlyForDeploymentPostprocessing = 0;
		};
/* End PBXSourcesBuildPhase section */

/* Begin PBXVariantGroup section */
		D355A5001CEDF6B40091EC95 /* LaunchScreen.storyboard */ = {
			isa = PBXVariantGroup;
			children = (
				D355A5011CEDF6B40091EC95 /* Base */,
			);
			name = LaunchScreen.storyboard;
			sourceTree = "<group>";
		};
/* End PBXVariantGroup section */

/* Begin XCBuildConfiguration section */
		D355A5041CEDF6B40091EC95 /* Debug */ = {
			isa = XCBuildConfiguration;
			buildSettings = {
				ALWAYS_SEARCH_USER_PATHS = NO;
				CLANG_ANALYZER_NONNULL = YES;
				CLANG_CXX_LANGUAGE_STANDARD = "gnu++0x";
				CLANG_CXX_LIBRARY = "libc++";
				CLANG_ENABLE_MODULES = YES;
				CLANG_ENABLE_OBJC_ARC = YES;
				CLANG_WARN_BOOL_CONVERSION = YES;
				CLANG_WARN_CONSTANT_CONVERSION = YES;
				CLANG_WARN_DIRECT_OBJC_ISA_USAGE = YES_ERROR;
				CLANG_WARN_EMPTY_BODY = YES;
				CLANG_WARN_ENUM_CONVERSION = YES;
				CLANG_WARN_INT_CONVERSION = YES;
				CLANG_WARN_OBJC_ROOT_CLASS = YES_ERROR;
				CLANG_WARN_UNREACHABLE_CODE = YES;
				CLANG_WARN__DUPLICATE_METHOD_MATCH = YES;
				"CODE_SIGN_IDENTITY[sdk=iphoneos*]" = "iPhone Developer";
				COPY_PHASE_STRIP = NO;
				DEBUG_INFORMATION_FORMAT = dwarf;
				ENABLE_STRICT_OBJC_MSGSEND = YES;
				ENABLE_TESTABILITY = YES;
				GCC_C_LANGUAGE_STANDARD = gnu99;
				GCC_DYNAMIC_NO_PIC = NO;
				GCC_NO_COMMON_BLOCKS = YES;
				GCC_OPTIMIZATION_LEVEL = 0;
				GCC_PREPROCESSOR_DEFINITIONS = (
					"DEBUG=1",
					"$(inherited)",
				);
				GCC_WARN_64_TO_32_BIT_CONVERSION = YES;
				GCC_WARN_ABOUT_RETURN_TYPE = YES_ERROR;
				GCC_WARN_UNDECLARED_SELECTOR = YES;
				GCC_WARN_UNINITIALIZED_AUTOS = YES_AGGRESSIVE;
				GCC_WARN_UNUSED_FUNCTION = YES;
				GCC_WARN_UNUSED_VARIABLE = YES;
				IPHONEOS_DEPLOYMENT_TARGET = 9.3;
				MTL_ENABLE_DEBUG_INFO = YES;
				ONLY_ACTIVE_ARCH = YES;
				SDKROOT = iphoneos;
				SWIFT_OPTIMIZATION_LEVEL = "-Onone";
				TARGETED_DEVICE_FAMILY = "1,2";
			};
			name = Debug;
		};
		D355A5051CEDF6B40091EC95 /* Release */ = {
			isa = XCBuildConfiguration;
			buildSettings = {
				ALWAYS_SEARCH_USER_PATHS = NO;
				CLANG_ANALYZER_NONNULL = YES;
				CLANG_CXX_LANGUAGE_STANDARD = "gnu++0x";
				CLANG_CXX_LIBRARY = "libc++";
				CLANG_ENABLE_MODULES = YES;
				CLANG_ENABLE_OBJC_ARC = YES;
				CLANG_WARN_BOOL_CONVERSION = YES;
				CLANG_WARN_CONSTANT_CONVERSION = YES;
				CLANG_WARN_DIRECT_OBJC_ISA_USAGE = YES_ERROR;
				CLANG_WARN_EMPTY_BODY = YES;
				CLANG_WARN_ENUM_CONVERSION = YES;
				CLANG_WARN_INT_CONVERSION = YES;
				CLANG_WARN_OBJC_ROOT_CLASS = YES_ERROR;
				CLANG_WARN_UNREACHABLE_CODE = YES;
				CLANG_WARN__DUPLICATE_METHOD_MATCH = YES;
				"CODE_SIGN_IDENTITY[sdk=iphoneos*]" = "iPhone Developer";
				COPY_PHASE_STRIP = NO;
				DEBUG_INFORMATION_FORMAT = "dwarf-with-dsym";
				ENABLE_NS_ASSERTIONS = NO;
				ENABLE_STRICT_OBJC_MSGSEND = YES;
				GCC_C_LANGUAGE_STANDARD = gnu99;
				GCC_NO_COMMON_BLOCKS = YES;
				GCC_WARN_64_TO_32_BIT_CONVERSION = YES;
				GCC_WARN_ABOUT_RETURN_TYPE = YES_ERROR;
				GCC_WARN_UNDECLARED_SELECTOR = YES;
				GCC_WARN_UNINITIALIZED_AUTOS = YES_AGGRESSIVE;
				GCC_WARN_UNUSED_FUNCTION = YES;
				GCC_WARN_UNUSED_VARIABLE = YES;
				IPHONEOS_DEPLOYMENT_TARGET = 9.3;
				MTL_ENABLE_DEBUG_INFO = NO;
				SDKROOT = iphoneos;
				TARGETED_DEVICE_FAMILY = "1,2";
				VALIDATE_PRODUCT = YES;
			};
			name = Release;
		};
		D355A5071CEDF6B40091EC95 /* Debug */ = {
			isa = XCBuildConfiguration;
			buildSettings = {
				ASSETCATALOG_COMPILER_APPICON_NAME = AppIcon;
				INFOPLIST_FILE = BullsAndCows/Info.plist;
				IPHONEOS_DEPLOYMENT_TARGET = 9.0;
				LD_RUNPATH_SEARCH_PATHS = "$(inherited) @executable_path/Frameworks";
				PRODUCT_BUNDLE_IDENTIFIER = AlphaCamp.BullsAndCows;
				PRODUCT_NAME = "$(TARGET_NAME)";
			};
			name = Debug;
		};
		D355A5081CEDF6B40091EC95 /* Release */ = {
			isa = XCBuildConfiguration;
			buildSettings = {
				ASSETCATALOG_COMPILER_APPICON_NAME = AppIcon;
				INFOPLIST_FILE = BullsAndCows/Info.plist;
				IPHONEOS_DEPLOYMENT_TARGET = 9.0;
				LD_RUNPATH_SEARCH_PATHS = "$(inherited) @executable_path/Frameworks";
				PRODUCT_BUNDLE_IDENTIFIER = AlphaCamp.BullsAndCows;
				PRODUCT_NAME = "$(TARGET_NAME)";
			};
			name = Release;
		};
/* End XCBuildConfiguration section */

/* Begin XCConfigurationList section */
		D355A4EF1CEDF6B40091EC95 /* Build configuration list for PBXProject "BullsAndCows" */ = {
			isa = XCConfigurationList;
			buildConfigurations = (
				D355A5041CEDF6B40091EC95 /* Debug */,
				D355A5051CEDF6B40091EC95 /* Release */,
			);
			defaultConfigurationIsVisible = 0;
			defaultConfigurationName = Release;
		};
		D355A5061CEDF6B40091EC95 /* Build configuration list for PBXNativeTarget "BullsAndCows" */ = {
			isa = XCConfigurationList;
			buildConfigurations = (
				D355A5071CEDF6B40091EC95 /* Debug */,
				D355A5081CEDF6B40091EC95 /* Release */,
			);
			defaultConfigurationIsVisible = 0;
			defaultConfigurationName = Release;
		};
/* End XCConfigurationList section */
	};
	rootObject = D355A4EC1CEDF6B40091EC95 /* Project object */;
}
